
Microsoft Visual Studio Solution File, Format Version 12.00
Project("{FAE04EC0-301F-11D3-BF4B-00C04F79EFBC}") = "Blip", "Blip\Blip.csproj", "{452E7F6D-AE47-4425-A7A0-CCB8CE2CB197}"
EndProject
Project("{FAE04EC0-301F-11D3-BF4B-00C04F79EFBC}") = "Blip.Tests", "Blip.Tests\Blip.Tests.csproj", "{2D0EE3E5-AE6B-4C7D-B014-7FFA61B399FE}"
EndProject
Global
	GlobalSection(SolutionConfigurationPlatforms) = preSolution
		Debug|Any CPU = Debug|Any CPU
		Release|Any CPU = Release|Any CPU
	EndGlobalSection
	GlobalSection(ProjectConfigurationPlatforms) = postSolution
		{452E7F6D-AE47-4425-A7A0-CCB8CE2CB197}.Debug|Any CPU.ActiveCfg = Debug|Any CPU
		{452E7F6D-AE47-4425-A7A0-CCB8CE2CB197}.Debug|Any CPU.Build.0 = Debug|Any CPU
		{452E7F6D-AE47-4425-A7A0-CCB8CE2CB197}.Release|Any CPU.ActiveCfg = Release|Any CPU
		{452E7F6D-AE47-4425-A7A0-CCB8CE2CB197}.Release|Any CPU.Build.0 = Release|Any CPU
		{2D0EE3E5-AE6B-4C7D-B014-7FFA61B399FE}.Debug|Any CPU.ActiveCfg = Debug|Any CPU
		{2D0EE3E5-AE6B-4C7D-B014-7FFA61B399FE}.Debug|Any CPU.Build.0 = Debug|Any CPU
		{2D0EE3E5-AE6B-4C7D-B014-7FFA61B399FE}.Release|Any CPU.ActiveCfg = Release|Any CPU
		{2D0EE3E5-AE6B-4C7D-B014-7FFA61B399FE}.Release|Any CPU.Build.0 = Release|Any CPU
	EndGlobalSection
EndGlobal
